
Microsoft Visual Studio Solution File, Format Version 12.00
# Visual Studio Version 16
VisualStudioVersion = 16.0.30907.101
MinimumVisualStudioVersion = 10.0.40219.1
Project("{FAE04EC0-301F-11D3-BF4B-00C04F79EFBC}") = "Progetto_PMO", "Progetto_PMO\Progetto_PMO.csproj", "{2D4E518F-0FCF-481E-8C0F-F6C340A3592D}"
EndProject
Global
	GlobalSection(SolutionConfigurationPlatforms) = preSolution
		Debug|Any CPU = Debug|Any CPU
		Release|Any CPU = Release|Any CPU
	EndGlobalSection
	GlobalSection(ProjectConfigurationPlatforms) = postSolution
		{2D4E518F-0FCF-481E-8C0F-F6C340A3592D}.Debug|Any CPU.ActiveCfg = Debug|Any CPU
		{2D4E518F-0FCF-481E-8C0F-F6C340A3592D}.Debug|Any CPU.Build.0 = Debug|Any CPU
		{2D4E518F-0FCF-481E-8C0F-F6C340A3592D}.Release|Any CPU.ActiveCfg = Release|Any CPU
		{2D4E518F-0FCF-481E-8C0F-F6C340A3592D}.Release|Any CPU.Build.0 = Release|Any CPU
	EndGlobalSection
	GlobalSection(SolutionProperties) = preSolution
		HideSolutionNode = FALSE
	EndGlobalSection
	GlobalSection(ExtensibilityGlobals) = postSolution
		SolutionGuid = {C14AFD29-D62B-468E-A622-833ACC8302A2}
	EndGlobalSection
EndGlobal
